<Solution>
  <Folder Name="/src/">
    <Project Path="src/HomeChef.Api/HomeChef.Api.csproj" />
    <Project Path="src/HomeChef.Application/HomeChef.Application.csproj" />
    <Project Path="src/HomeChef.Domain/HomeChef.Domain.csproj" />
    <Project Path="src/HomeChef.Infrastructure/HomeChef.Infrastructure.csproj" />
  </Folder>
  <Folder Name="/tests/">
    <Project Path="tests/HomeChef.Api.Tests/HomeChef.Api.Tests.csproj" />
  </Folder>
</Solution>
